
Microsoft Visual Studio Solution File, Format Version 12.00
# Visual Studio Version 17
VisualStudioVersion = 17.13.35806.99
MinimumVisualStudioVersion = 10.0.40219.1
Project("{FAE04EC0-301F-11D3-BF4B-00C04F79EFBC}") = "PeopleManager.Ui.Mvc", "PeopleManager.Ui.Mvc\PeopleManager.Ui.Mvc.csproj", "{949D2C10-C573-48BC-AE36-4DCA7FBA5A8B}"
EndProject
Project("{FAE04EC0-301F-11D3-BF4B-00C04F79EFBC}") = "PeopleManager.Model", "PeopleManager.Model\PeopleManager.Model.csproj", "{4C611E66-1F07-48F6-9C9C-BC7BE7BF5E53}"
EndProject
Project("{FAE04EC0-301F-11D3-BF4B-00C04F79EFBC}") = "PeopleManager.Repository", "PeopleManager.Repository\PeopleManager.Repository.csproj", "{12C8CAB6-9F8D-4CD5-8A8C-DD05DF997776}"
EndProject
Project("{FAE04EC0-301F-11D3-BF4B-00C04F79EFBC}") = "PeopleManager.Services", "PeopleManager.Services\PeopleManager.Services.csproj", "{88DBBF05-E667-4882-998A-F5B66AD47AFA}"
EndProject
Project("{2150E333-8FDC-42A3-9474-1A3956D46DE8}") = "Core", "Core", "{02EA681E-C7D8-13C7-8484-4AC65E1B71E8}"
EndProject
Project("{2150E333-8FDC-42A3-9474-1A3956D46DE8}") = "UI", "UI", "{C3013ED1-DF39-4422-A116-182832D800C9}"
EndProject
Project("{2150E333-8FDC-42A3-9474-1A3956D46DE8}") = "Services", "Services", "{A5E566AF-E773-463C-8159-006372CD4F72}"
EndProject
Project("{2150E333-8FDC-42A3-9474-1A3956D46DE8}") = "Api", "Api", "{DF43FCE9-F1A4-4C24-9FF6-78115E827F60}"
EndProject
Project("{FAE04EC0-301F-11D3-BF4B-00C04F79EFBC}") = "PeopleManager.Api", "PeopleManager.Api\PeopleManager.Api.csproj", "{F77CF0EA-574D-4935-83FC-1AD935167390}"
EndProject
Project("{FAE04EC0-301F-11D3-BF4B-00C04F79EFBC}") = "PeopleManager.Sdk", "PeopleManager.Sdk\PeopleManager.Sdk.csproj", "{1B4A9F74-FA83-49BF-98AC-2ACA7902BC7E}"
EndProject
Project("{FAE04EC0-301F-11D3-BF4B-00C04F79EFBC}") = "PeopleManager.Dto", "PeopleManager.Dto\PeopleManager.Dto.csproj", "{31398F3E-5383-4C70-8954-CAFDEFCA0D29}"
EndProject
Project("{2150E333-8FDC-42A3-9474-1A3956D46DE8}") = "Vives", "Vives", "{B006291B-54F6-473D-AD66-3272097E010B}"
EndProject
Project("{FAE04EC0-301F-11D3-BF4B-00C04F79EFBC}") = "Vives.Services.Model", "Vives.Services.Model\Vives.Services.Model.csproj", "{B1E0B7B1-5E3B-481E-B2FE-C6EB41307EF6}"
EndProject
Global
	GlobalSection(SolutionConfigurationPlatforms) = preSolution
		Debug|Any CPU = Debug|Any CPU
		Release|Any CPU = Release|Any CPU
	EndGlobalSection
	GlobalSection(ProjectConfigurationPlatforms) = postSolution
		{949D2C10-C573-48BC-AE36-4DCA7FBA5A8B}.Debug|Any CPU.ActiveCfg = Debug|Any CPU
		{949D2C10-C573-48BC-AE36-4DCA7FBA5A8B}.Debug|Any CPU.Build.0 = Debug|Any CPU
		{949D2C10-C573-48BC-AE36-4DCA7FBA5A8B}.Release|Any CPU.ActiveCfg = Release|Any CPU
		{949D2C10-C573-48BC-AE36-4DCA7FBA5A8B}.Release|Any CPU.Build.0 = Release|Any CPU
		{4C611E66-1F07-48F6-9C9C-BC7BE7BF5E53}.Debug|Any CPU.ActiveCfg = Debug|Any CPU
		{4C611E66-1F07-48F6-9C9C-BC7BE7BF5E53}.Debug|Any CPU.Build.0 = Debug|Any CPU
		{4C611E66-1F07-48F6-9C9C-BC7BE7BF5E53}.Release|Any CPU.ActiveCfg = Release|Any CPU
		{4C611E66-1F07-48F6-9C9C-BC7BE7BF5E53}.Release|Any CPU.Build.0 = Release|Any CPU
		{12C8CAB6-9F8D-4CD5-8A8C-DD05DF997776}.Debug|Any CPU.ActiveCfg = Debug|Any CPU
		{12C8CAB6-9F8D-4CD5-8A8C-DD05DF997776}.Debug|Any CPU.Build.0 = Debug|Any CPU
		{12C8CAB6-9F8D-4CD5-8A8C-DD05DF997776}.Release|Any CPU.ActiveCfg = Release|Any CPU
		{12C8CAB6-9F8D-4CD5-8A8C-DD05DF997776}.Release|Any CPU.Build.0 = Release|Any CPU
		{88DBBF05-E667-4882-998A-F5B66AD47AFA}.Debug|Any CPU.ActiveCfg = Debug|Any CPU
		{88DBBF05-E667-4882-998A-F5B66AD47AFA}.Debug|Any CPU.Build.0 = Debug|Any CPU
		{88DBBF05-E667-4882-998A-F5B66AD47AFA}.Release|Any CPU.ActiveCfg = Release|Any CPU
		{88DBBF05-E667-4882-998A-F5B66AD47AFA}.Release|Any CPU.Build.0 = Release|Any CPU
		{F77CF0EA-574D-4935-83FC-1AD935167390}.Debug|Any CPU.ActiveCfg = Debug|Any CPU
		{F77CF0EA-574D-4935-83FC-1AD935167390}.Debug|Any CPU.Build.0 = Debug|Any CPU
		{F77CF0EA-574D-4935-83FC-1AD935167390}.Release|Any CPU.ActiveCfg = Release|Any CPU
		{F77CF0EA-574D-4935-83FC-1AD935167390}.Release|Any CPU.Build.0 = Release|Any CPU
		{1B4A9F74-FA83-49BF-98AC-2ACA7902BC7E}.Debug|Any CPU.ActiveCfg = Debug|Any CPU
		{1B4A9F74-FA83-49BF-98AC-2ACA7902BC7E}.Debug|Any CPU.Build.0 = Debug|Any CPU
		{1B4A9F74-FA83-49BF-98AC-2ACA7902BC7E}.Release|Any CPU.ActiveCfg = Release|Any CPU
		{1B4A9F74-FA83-49BF-98AC-2ACA7902BC7E}.Release|Any CPU.Build.0 = Release|Any CPU
		{31398F3E-5383-4C70-8954-CAFDEFCA0D29}.Debug|Any CPU.ActiveCfg = Debug|Any CPU
		{31398F3E-5383-4C70-8954-CAFDEFCA0D29}.Debug|Any CPU.Build.0 = Debug|Any CPU
		{31398F3E-5383-4C70-8954-CAFDEFCA0D29}.Release|Any CPU.ActiveCfg = Release|Any CPU
		{31398F3E-5383-4C70-8954-CAFDEFCA0D29}.Release|Any CPU.Build.0 = Release|Any CPU
		{B1E0B7B1-5E3B-481E-B2FE-C6EB41307EF6}.Debug|Any CPU.ActiveCfg = Debug|Any CPU
		{B1E0B7B1-5E3B-481E-B2FE-C6EB41307EF6}.Debug|Any CPU.Build.0 = Debug|Any CPU
		{B1E0B7B1-5E3B-481E-B2FE-C6EB41307EF6}.Release|Any CPU.ActiveCfg = Release|Any CPU
		{B1E0B7B1-5E3B-481E-B2FE-C6EB41307EF6}.Release|Any CPU.Build.0 = Release|Any CPU
	EndGlobalSection
	GlobalSection(SolutionProperties) = preSolution
		HideSolutionNode = FALSE
	EndGlobalSection
	GlobalSection(NestedProjects) = preSolution
		{949D2C10-C573-48BC-AE36-4DCA7FBA5A8B} = {C3013ED1-DF39-4422-A116-182832D800C9}
		{4C611E66-1F07-48F6-9C9C-BC7BE7BF5E53} = {02EA681E-C7D8-13C7-8484-4AC65E1B71E8}
		{12C8CAB6-9F8D-4CD5-8A8C-DD05DF997776} = {02EA681E-C7D8-13C7-8484-4AC65E1B71E8}
		{88DBBF05-E667-4882-998A-F5B66AD47AFA} = {A5E566AF-E773-463C-8159-006372CD4F72}
		{F77CF0EA-574D-4935-83FC-1AD935167390} = {DF43FCE9-F1A4-4C24-9FF6-78115E827F60}
		{1B4A9F74-FA83-49BF-98AC-2ACA7902BC7E} = {DF43FCE9-F1A4-4C24-9FF6-78115E827F60}
		{31398F3E-5383-4C70-8954-CAFDEFCA0D29} = {DF43FCE9-F1A4-4C24-9FF6-78115E827F60}
		{B1E0B7B1-5E3B-481E-B2FE-C6EB41307EF6} = {B006291B-54F6-473D-AD66-3272097E010B}
	EndGlobalSection
	GlobalSection(ExtensibilityGlobals) = postSolution
		SolutionGuid = {70569209-3549-4BD4-A0C4-796CD31CB3D4}
	EndGlobalSection
EndGlobal
